
Microsoft Visual Studio Solution File, Format Version 12.00
# Visual Studio 2012
Project("{FAE04EC0-301F-11D3-BF4B-00C04F79EFBC}") = "_common", "_common\_common.csproj", "{2CE3B2F0-ED29-4012-99FF-F69902ABE15A}"
EndProject
Project("{FAE04EC0-301F-11D3-BF4B-00C04F79EFBC}") = "_common_tests", "_common_tests\_common_tests.csproj", "{A9E27839-D8B0-4889-9253-3F92F7CDB671}"
EndProject
Project("{FAE04EC0-301F-11D3-BF4B-00C04F79EFBC}") = "WorkerNode", "WorkerNode\WorkerNode.csproj", "{BE334629-B635-42B8-B217-354F958AB528}"
EndProject
Project("{FAE04EC0-301F-11D3-BF4B-00C04F79EFBC}") = "WorkerNodeTest", "WorkerNodeTest\WorkerNodeTest.csproj", "{49454620-E823-4601-A098-611A1E3CD39D}"
EndProject
Project("{FAE04EC0-301F-11D3-BF4B-00C04F79EFBC}") = "WorkerNodeApp", "WorkerNodeApp\WorkerNodeApp.csproj", "{0A77BFCC-ADC8-42EA-BBF3-F1EBC6D52820}"
EndProject
Project("{FAE04EC0-301F-11D3-BF4B-00C04F79EFBC}") = "_commonConsoleTests", "_commonConsoleTests\_commonConsoleTests.csproj", "{8C90196F-D908-41A9-8914-8DF9E56F31A6}"
EndProject
Project("{FAE04EC0-301F-11D3-BF4B-00C04F79EFBC}") = "MasterNodeApp", "MasterNodeApp\MasterNodeApp.csproj", "{68CC1CC9-14A6-426B-A73B-FB5CE0A37446}"
EndProject
Project("{FAE04EC0-301F-11D3-BF4B-00C04F79EFBC}") = "NodeProxy", "NodeProxy\NodeProxy.csproj", "{E5723A3B-FCC9-4133-A80B-EF1D69952E02}"
EndProject
Global
	GlobalSection(SolutionConfigurationPlatforms) = preSolution
		Debug|Any CPU = Debug|Any CPU
		Release|Any CPU = Release|Any CPU
	EndGlobalSection
	GlobalSection(ProjectConfigurationPlatforms) = postSolution
		{2CE3B2F0-ED29-4012-99FF-F69902ABE15A}.Debug|Any CPU.ActiveCfg = Debug|Any CPU
		{2CE3B2F0-ED29-4012-99FF-F69902ABE15A}.Debug|Any CPU.Build.0 = Debug|Any CPU
		{2CE3B2F0-ED29-4012-99FF-F69902ABE15A}.Release|Any CPU.ActiveCfg = Release|Any CPU
		{2CE3B2F0-ED29-4012-99FF-F69902ABE15A}.Release|Any CPU.Build.0 = Release|Any CPU
		{A9E27839-D8B0-4889-9253-3F92F7CDB671}.Debug|Any CPU.ActiveCfg = Debug|Any CPU
		{A9E27839-D8B0-4889-9253-3F92F7CDB671}.Debug|Any CPU.Build.0 = Debug|Any CPU
		{A9E27839-D8B0-4889-9253-3F92F7CDB671}.Release|Any CPU.ActiveCfg = Release|Any CPU
		{A9E27839-D8B0-4889-9253-3F92F7CDB671}.Release|Any CPU.Build.0 = Release|Any CPU
		{BE334629-B635-42B8-B217-354F958AB528}.Debug|Any CPU.ActiveCfg = Debug|Any CPU
		{BE334629-B635-42B8-B217-354F958AB528}.Debug|Any CPU.Build.0 = Debug|Any CPU
		{BE334629-B635-42B8-B217-354F958AB528}.Release|Any CPU.ActiveCfg = Release|Any CPU
		{BE334629-B635-42B8-B217-354F958AB528}.Release|Any CPU.Build.0 = Release|Any CPU
		{49454620-E823-4601-A098-611A1E3CD39D}.Debug|Any CPU.ActiveCfg = Debug|Any CPU
		{49454620-E823-4601-A098-611A1E3CD39D}.Debug|Any CPU.Build.0 = Debug|Any CPU
		{49454620-E823-4601-A098-611A1E3CD39D}.Release|Any CPU.ActiveCfg = Release|Any CPU
		{49454620-E823-4601-A098-611A1E3CD39D}.Release|Any CPU.Build.0 = Release|Any CPU
		{0A77BFCC-ADC8-42EA-BBF3-F1EBC6D52820}.Debug|Any CPU.ActiveCfg = Debug|Any CPU
		{0A77BFCC-ADC8-42EA-BBF3-F1EBC6D52820}.Debug|Any CPU.Build.0 = Debug|Any CPU
		{0A77BFCC-ADC8-42EA-BBF3-F1EBC6D52820}.Release|Any CPU.ActiveCfg = Release|Any CPU
		{0A77BFCC-ADC8-42EA-BBF3-F1EBC6D52820}.Release|Any CPU.Build.0 = Release|Any CPU
		{8C90196F-D908-41A9-8914-8DF9E56F31A6}.Debug|Any CPU.ActiveCfg = Debug|Any CPU
		{8C90196F-D908-41A9-8914-8DF9E56F31A6}.Debug|Any CPU.Build.0 = Debug|Any CPU
		{8C90196F-D908-41A9-8914-8DF9E56F31A6}.Release|Any CPU.ActiveCfg = Release|Any CPU
		{8C90196F-D908-41A9-8914-8DF9E56F31A6}.Release|Any CPU.Build.0 = Release|Any CPU
		{68CC1CC9-14A6-426B-A73B-FB5CE0A37446}.Debug|Any CPU.ActiveCfg = Debug|Any CPU
		{68CC1CC9-14A6-426B-A73B-FB5CE0A37446}.Debug|Any CPU.Build.0 = Debug|Any CPU
		{68CC1CC9-14A6-426B-A73B-FB5CE0A37446}.Release|Any CPU.ActiveCfg = Release|Any CPU
		{68CC1CC9-14A6-426B-A73B-FB5CE0A37446}.Release|Any CPU.Build.0 = Release|Any CPU
		{E5723A3B-FCC9-4133-A80B-EF1D69952E02}.Debug|Any CPU.ActiveCfg = Debug|Any CPU
		{E5723A3B-FCC9-4133-A80B-EF1D69952E02}.Debug|Any CPU.Build.0 = Debug|Any CPU
		{E5723A3B-FCC9-4133-A80B-EF1D69952E02}.Release|Any CPU.ActiveCfg = Release|Any CPU
		{E5723A3B-FCC9-4133-A80B-EF1D69952E02}.Release|Any CPU.Build.0 = Release|Any CPU
	EndGlobalSection
	GlobalSection(SolutionProperties) = preSolution
		HideSolutionNode = FALSE
	EndGlobalSection
EndGlobal
