
Microsoft Visual Studio Solution File, Format Version 12.00
# Visual Studio 2013
VisualStudioVersion = 12.0.21005.1
MinimumVisualStudioVersion = 10.0.40219.1
Project("{FAE04EC0-301F-11D3-BF4B-00C04F79EFBC}") = "_common", "_common\_common.csproj", "{2CE3B2F0-ED29-4012-99FF-F69902ABE15A}"
EndProject
Project("{FAE04EC0-301F-11D3-BF4B-00C04F79EFBC}") = "_common_tests", "_common_tests\_common_tests.csproj", "{A9E27839-D8B0-4889-9253-3F92F7CDB671}"
EndProject
Project("{FAE04EC0-301F-11D3-BF4B-00C04F79EFBC}") = "WorkerNode", "WorkerNode\WorkerNode.csproj", "{BE334629-B635-42B8-B217-354F958AB528}"
EndProject
Project("{FAE04EC0-301F-11D3-BF4B-00C04F79EFBC}") = "WorkerNodeTest", "WorkerNodeTest\WorkerNodeTest.csproj", "{49454620-E823-4601-A098-611A1E3CD39D}"
EndProject
Project("{FAE04EC0-301F-11D3-BF4B-00C04F79EFBC}") = "WorkerNodeApp", "WorkerNodeApp\WorkerNodeApp.csproj", "{0A77BFCC-ADC8-42EA-BBF3-F1EBC6D52820}"
EndProject
Project("{FAE04EC0-301F-11D3-BF4B-00C04F79EFBC}") = "_commonConsoleTests", "_commonConsoleTests\_commonConsoleTests.csproj", "{8C90196F-D908-41A9-8914-8DF9E56F31A6}"
EndProject
Project("{FAE04EC0-301F-11D3-BF4B-00C04F79EFBC}") = "WindowsFormsRemoteNode", "WindowsFormsRemoteNode\WindowsFormsRemoteNode.csproj", "{373BD46C-7C72-4EF1-BF57-A7ECCB38498E}"
EndProject
Project("{FAE04EC0-301F-11D3-BF4B-00C04F79EFBC}") = "WpfApplication1", "WpfApplication1\WpfApplication1.csproj", "{F75EF904-0609-4F3A-8A47-BE84100FC7D7}"
EndProject
Global
	GlobalSection(SolutionConfigurationPlatforms) = preSolution
		Debug|Any CPU = Debug|Any CPU
		Release|Any CPU = Release|Any CPU
	EndGlobalSection
	GlobalSection(ProjectConfigurationPlatforms) = postSolution
		{2CE3B2F0-ED29-4012-99FF-F69902ABE15A}.Debug|Any CPU.ActiveCfg = Debug|Any CPU
		{2CE3B2F0-ED29-4012-99FF-F69902ABE15A}.Debug|Any CPU.Build.0 = Debug|Any CPU
		{2CE3B2F0-ED29-4012-99FF-F69902ABE15A}.Release|Any CPU.ActiveCfg = Release|Any CPU
		{2CE3B2F0-ED29-4012-99FF-F69902ABE15A}.Release|Any CPU.Build.0 = Release|Any CPU
		{A9E27839-D8B0-4889-9253-3F92F7CDB671}.Debug|Any CPU.ActiveCfg = Debug|Any CPU
		{A9E27839-D8B0-4889-9253-3F92F7CDB671}.Debug|Any CPU.Build.0 = Debug|Any CPU
		{A9E27839-D8B0-4889-9253-3F92F7CDB671}.Release|Any CPU.ActiveCfg = Release|Any CPU
		{A9E27839-D8B0-4889-9253-3F92F7CDB671}.Release|Any CPU.Build.0 = Release|Any CPU
		{BE334629-B635-42B8-B217-354F958AB528}.Debug|Any CPU.ActiveCfg = Debug|Any CPU
		{BE334629-B635-42B8-B217-354F958AB528}.Debug|Any CPU.Build.0 = Debug|Any CPU
		{BE334629-B635-42B8-B217-354F958AB528}.Release|Any CPU.ActiveCfg = Release|Any CPU
		{BE334629-B635-42B8-B217-354F958AB528}.Release|Any CPU.Build.0 = Release|Any CPU
		{49454620-E823-4601-A098-611A1E3CD39D}.Debug|Any CPU.ActiveCfg = Debug|Any CPU
		{49454620-E823-4601-A098-611A1E3CD39D}.Debug|Any CPU.Build.0 = Debug|Any CPU
		{49454620-E823-4601-A098-611A1E3CD39D}.Release|Any CPU.ActiveCfg = Release|Any CPU
		{49454620-E823-4601-A098-611A1E3CD39D}.Release|Any CPU.Build.0 = Release|Any CPU
		{0A77BFCC-ADC8-42EA-BBF3-F1EBC6D52820}.Debug|Any CPU.ActiveCfg = Debug|Any CPU
		{0A77BFCC-ADC8-42EA-BBF3-F1EBC6D52820}.Debug|Any CPU.Build.0 = Debug|Any CPU
		{0A77BFCC-ADC8-42EA-BBF3-F1EBC6D52820}.Release|Any CPU.ActiveCfg = Release|Any CPU
		{0A77BFCC-ADC8-42EA-BBF3-F1EBC6D52820}.Release|Any CPU.Build.0 = Release|Any CPU
		{8C90196F-D908-41A9-8914-8DF9E56F31A6}.Debug|Any CPU.ActiveCfg = Debug|Any CPU
		{8C90196F-D908-41A9-8914-8DF9E56F31A6}.Debug|Any CPU.Build.0 = Debug|Any CPU
		{8C90196F-D908-41A9-8914-8DF9E56F31A6}.Release|Any CPU.ActiveCfg = Release|Any CPU
		{8C90196F-D908-41A9-8914-8DF9E56F31A6}.Release|Any CPU.Build.0 = Release|Any CPU
		{373BD46C-7C72-4EF1-BF57-A7ECCB38498E}.Debug|Any CPU.ActiveCfg = Debug|Any CPU
		{373BD46C-7C72-4EF1-BF57-A7ECCB38498E}.Debug|Any CPU.Build.0 = Debug|Any CPU
		{373BD46C-7C72-4EF1-BF57-A7ECCB38498E}.Release|Any CPU.ActiveCfg = Release|Any CPU
		{373BD46C-7C72-4EF1-BF57-A7ECCB38498E}.Release|Any CPU.Build.0 = Release|Any CPU
		{F75EF904-0609-4F3A-8A47-BE84100FC7D7}.Debug|Any CPU.ActiveCfg = Debug|Any CPU
		{F75EF904-0609-4F3A-8A47-BE84100FC7D7}.Debug|Any CPU.Build.0 = Debug|Any CPU
		{F75EF904-0609-4F3A-8A47-BE84100FC7D7}.Release|Any CPU.ActiveCfg = Release|Any CPU
		{F75EF904-0609-4F3A-8A47-BE84100FC7D7}.Release|Any CPU.Build.0 = Release|Any CPU
	EndGlobalSection
	GlobalSection(SolutionProperties) = preSolution
		HideSolutionNode = FALSE
	EndGlobalSection
EndGlobal
